// !$*UTF8*$!
{
	archiveVersion = 1;
	classes = {
	};
	objectVersion = 56;
	objects = {

/* Begin PBXBuildFile section */
		052AC81F2AD5BEB90020D5CD /* MoviesApp.swift in Sources */ = {isa = PBXBuildFile; fileRef = 052AC81E2AD5BEB90020D5CD /* MoviesApp.swift */; };
		052AC8212AD5BEB90020D5CD /* ContentView.swift in Sources */ = {isa = PBXBuildFile; fileRef = 052AC8202AD5BEB90020D5CD /* ContentView.swift */; };
		052AC8232AD5BEBA0020D5CD /* Assets.xcassets in Resources */ = {isa = PBXBuildFile; fileRef = 052AC8222AD5BEBA0020D5CD /* Assets.xcassets */; };
		052AC8262AD5BEBA0020D5CD /* Preview Assets.xcassets in Resources */ = {isa = PBXBuildFile; fileRef = 052AC8252AD5BEBA0020D5CD /* Preview Assets.xcassets */; };
		052AC8302AD5BEBA0020D5CD /* MoviesTests.swift in Sources */ = {isa = PBXBuildFile; fileRef = 052AC82F2AD5BEBA0020D5CD /* MoviesTests.swift */; };
		052AC83A2AD5BEBA0020D5CD /* MoviesUITests.swift in Sources */ = {isa = PBXBuildFile; fileRef = 052AC8392AD5BEBA0020D5CD /* MoviesUITests.swift */; };
		052AC83C2AD5BEBA0020D5CD /* MoviesUITestsLaunchTests.swift in Sources */ = {isa = PBXBuildFile; fileRef = 052AC83B2AD5BEBA0020D5CD /* MoviesUITestsLaunchTests.swift */; };
		052AC84B2AD5BF2D0020D5CD /* Models.swift in Sources */ = {isa = PBXBuildFile; fileRef = 052AC84A2AD5BF2D0020D5CD /* Models.swift */; };
		052AC84E2AD5C2CC0020D5CD /* MoviesAPINetwork.swift in Sources */ = {isa = PBXBuildFile; fileRef = 052AC84D2AD5C2CC0020D5CD /* MoviesAPINetwork.swift */; };
		052AC8512AD5C30C0020D5CD /* Alamofire in Frameworks */ = {isa = PBXBuildFile; productRef = 052AC8502AD5C30C0020D5CD /* Alamofire */; };
		052AC8532AD5C3720020D5CD /* MoviesRepository.swift in Sources */ = {isa = PBXBuildFile; fileRef = 052AC8522AD5C3720020D5CD /* MoviesRepository.swift */; };
		052AC8562AD5C4FA0020D5CD /* FetchAllMoviesUseCase.swift in Sources */ = {isa = PBXBuildFile; fileRef = 052AC8552AD5C4FA0020D5CD /* FetchAllMoviesUseCase.swift */; };
		052AC85A2AD5C5EF0020D5CD /* ContentViewModel.swift in Sources */ = {isa = PBXBuildFile; fileRef = 052AC8592AD5C5EF0020D5CD /* ContentViewModel.swift */; };
/* End PBXBuildFile section */

/* Begin PBXContainerItemProxy section */
		052AC82C2AD5BEBA0020D5CD /* PBXContainerItemProxy */ = {
			isa = PBXContainerItemProxy;
			containerPortal = 052AC8132AD5BEB90020D5CD /* Project object */;
			proxyType = 1;
			remoteGlobalIDString = 052AC81A2AD5BEB90020D5CD;
			remoteInfo = Movies;
		};
		052AC8362AD5BEBA0020D5CD /* PBXContainerItemProxy */ = {
			isa = PBXContainerItemProxy;
			containerPortal = 052AC8132AD5BEB90020D5CD /* Project object */;
			proxyType = 1;
			remoteGlobalIDString = 052AC81A2AD5BEB90020D5CD;
			remoteInfo = Movies;
		};
/* End PBXContainerItemProxy section */

/* Begin PBXFileReference section */
		052AC81B2AD5BEB90020D5CD /* Movies.app */ = {isa = PBXFileReference; explicitFileType = wrapper.application; includeInIndex = 0; path = Movies.app; sourceTree = BUILT_PRODUCTS_DIR; };
		052AC81E2AD5BEB90020D5CD /* MoviesApp.swift */ = {isa = PBXFileReference; lastKnownFileType = sourcecode.swift; path = MoviesApp.swift; sourceTree = "<group>"; };
		052AC8202AD5BEB90020D5CD /* ContentView.swift */ = {isa = PBXFileReference; lastKnownFileType = sourcecode.swift; path = ContentView.swift; sourceTree = "<group>"; };
		052AC8222AD5BEBA0020D5CD /* Assets.xcassets */ = {isa = PBXFileReference; lastKnownFileType = folder.assetcatalog; path = Assets.xcassets; sourceTree = "<group>"; };
		052AC8252AD5BEBA0020D5CD /* Preview Assets.xcassets */ = {isa = PBXFileReference; lastKnownFileType = folder.assetcatalog; path = "Preview Assets.xcassets"; sourceTree = "<group>"; };
		052AC82B2AD5BEBA0020D5CD /* MoviesTests.xctest */ = {isa = PBXFileReference; explicitFileType = wrapper.cfbundle; includeInIndex = 0; path = MoviesTests.xctest; sourceTree = BUILT_PRODUCTS_DIR; };
		052AC82F2AD5BEBA0020D5CD /* MoviesTests.swift */ = {isa = PBXFileReference; lastKnownFileType = sourcecode.swift; path = MoviesTests.swift; sourceTree = "<group>"; };
		052AC8352AD5BEBA0020D5CD /* MoviesUITests.xctest */ = {isa = PBXFileReference; explicitFileType = wrapper.cfbundle; includeInIndex = 0; path = MoviesUITests.xctest; sourceTree = BUILT_PRODUCTS_DIR; };
		052AC8392AD5BEBA0020D5CD /* MoviesUITests.swift */ = {isa = PBXFileReference; lastKnownFileType = sourcecode.swift; path = MoviesUITests.swift; sourceTree = "<group>"; };
		052AC83B2AD5BEBA0020D5CD /* MoviesUITestsLaunchTests.swift */ = {isa = PBXFileReference; lastKnownFileType = sourcecode.swift; path = MoviesUITestsLaunchTests.swift; sourceTree = "<group>"; };
		052AC84A2AD5BF2D0020D5CD /* Models.swift */ = {isa = PBXFileReference; lastKnownFileType = sourcecode.swift; path = Models.swift; sourceTree = "<group>"; };
		052AC84D2AD5C2CC0020D5CD /* MoviesAPINetwork.swift */ = {isa = PBXFileReference; lastKnownFileType = sourcecode.swift; path = MoviesAPINetwork.swift; sourceTree = "<group>"; };
		052AC8522AD5C3720020D5CD /* MoviesRepository.swift */ = {isa = PBXFileReference; lastKnownFileType = sourcecode.swift; path = MoviesRepository.swift; sourceTree = "<group>"; };
		052AC8552AD5C4FA0020D5CD /* FetchAllMoviesUseCase.swift */ = {isa = PBXFileReference; lastKnownFileType = sourcecode.swift; path = FetchAllMoviesUseCase.swift; sourceTree = "<group>"; };
		052AC8592AD5C5EF0020D5CD /* ContentViewModel.swift */ = {isa = PBXFileReference; lastKnownFileType = sourcecode.swift; path = ContentViewModel.swift; sourceTree = "<group>"; };
/* End PBXFileReference section */

/* Begin PBXFrameworksBuildPhase section */
		052AC8182AD5BEB90020D5CD /* Frameworks */ = {
			isa = PBXFrameworksBuildPhase;
			buildActionMask = 2147483647;
			files = (
				052AC8512AD5C30C0020D5CD /* Alamofire in Frameworks */,
			);
			runOnlyForDeploymentPostprocessing = 0;
		};
		052AC8282AD5BEBA0020D5CD /* Frameworks */ = {
			isa = PBXFrameworksBuildPhase;
			buildActionMask = 2147483647;
			files = (
			);
			runOnlyForDeploymentPostprocessing = 0;
		};
		052AC8322AD5BEBA0020D5CD /* Frameworks */ = {
			isa = PBXFrameworksBuildPhase;
			buildActionMask = 2147483647;
			files = (
			);
			runOnlyForDeploymentPostprocessing = 0;
		};
/* End PBXFrameworksBuildPhase section */

/* Begin PBXGroup section */
		052AC8122AD5BEB90020D5CD = {
			isa = PBXGroup;
			children = (
				052AC81D2AD5BEB90020D5CD /* Movies */,
				052AC82E2AD5BEBA0020D5CD /* MoviesTests */,
				052AC8382AD5BEBA0020D5CD /* MoviesUITests */,
				052AC81C2AD5BEB90020D5CD /* Products */,
			);
			sourceTree = "<group>";
		};
		052AC81C2AD5BEB90020D5CD /* Products */ = {
			isa = PBXGroup;
			children = (
				052AC81B2AD5BEB90020D5CD /* Movies.app */,
				052AC82B2AD5BEBA0020D5CD /* MoviesTests.xctest */,
				052AC8352AD5BEBA0020D5CD /* MoviesUITests.xctest */,
			);
			name = Products;
			sourceTree = "<group>";
		};
		052AC81D2AD5BEB90020D5CD /* Movies */ = {
			isa = PBXGroup;
			children = (
				052AC8572AD5C5CD0020D5CD /* Framework */,
				052AC8542AD5C4E00020D5CD /* Domain */,
				052AC8482AD5BF0E0020D5CD /* Data */,
				052AC81E2AD5BEB90020D5CD /* MoviesApp.swift */,
				052AC8222AD5BEBA0020D5CD /* Assets.xcassets */,
				052AC8242AD5BEBA0020D5CD /* Preview Content */,
			);
			path = Movies;
			sourceTree = "<group>";
		};
		052AC8242AD5BEBA0020D5CD /* Preview Content */ = {
			isa = PBXGroup;
			children = (
				052AC8252AD5BEBA0020D5CD /* Preview Assets.xcassets */,
			);
			path = "Preview Content";
			sourceTree = "<group>";
		};
		052AC82E2AD5BEBA0020D5CD /* MoviesTests */ = {
			isa = PBXGroup;
			children = (
				052AC82F2AD5BEBA0020D5CD /* MoviesTests.swift */,
			);
			path = MoviesTests;
			sourceTree = "<group>";
		};
		052AC8382AD5BEBA0020D5CD /* MoviesUITests */ = {
			isa = PBXGroup;
			children = (
				052AC8392AD5BEBA0020D5CD /* MoviesUITests.swift */,
				052AC83B2AD5BEBA0020D5CD /* MoviesUITestsLaunchTests.swift */,
			);
			path = MoviesUITests;
			sourceTree = "<group>";
		};
		052AC8482AD5BF0E0020D5CD /* Data */ = {
			isa = PBXGroup;
			children = (
				052AC8492AD5BF170020D5CD /* Models */,
				052AC8522AD5C3720020D5CD /* MoviesRepository.swift */,
			);
			path = Data;
			sourceTree = "<group>";
		};
		052AC8492AD5BF170020D5CD /* Models */ = {
			isa = PBXGroup;
			children = (
				052AC84C2AD5C2AA0020D5CD /* Network */,
				052AC84A2AD5BF2D0020D5CD /* Models.swift */,
			);
			path = Models;
			sourceTree = "<group>";
		};
		052AC84C2AD5C2AA0020D5CD /* Network */ = {
			isa = PBXGroup;
			children = (
				052AC84D2AD5C2CC0020D5CD /* MoviesAPINetwork.swift */,
			);
			path = Network;
			sourceTree = "<group>";
		};
		052AC8542AD5C4E00020D5CD /* Domain */ = {
			isa = PBXGroup;
			children = (
				052AC8552AD5C4FA0020D5CD /* FetchAllMoviesUseCase.swift */,
			);
			path = Domain;
			sourceTree = "<group>";
		};
		052AC8572AD5C5CD0020D5CD /* Framework */ = {
			isa = PBXGroup;
			children = (
				052AC85B2AD5C64C0020D5CD /* Views */,
				052AC8582AD5C5D70020D5CD /* ViewModels */,
			);
			path = Framework;
			sourceTree = "<group>";
		};
		052AC8582AD5C5D70020D5CD /* ViewModels */ = {
			isa = PBXGroup;
			children = (
				052AC8592AD5C5EF0020D5CD /* ContentViewModel.swift */,
			);
			path = ViewModels;
			sourceTree = "<group>";
		};
		052AC85B2AD5C64C0020D5CD /* Views */ = {
			isa = PBXGroup;
			children = (
				052AC8202AD5BEB90020D5CD /* ContentView.swift */,
			);
			path = Views;
			sourceTree = "<group>";
		};
/* End PBXGroup section */

/* Begin PBXNativeTarget section */
		052AC81A2AD5BEB90020D5CD /* Movies */ = {
			isa = PBXNativeTarget;
			buildConfigurationList = 052AC83F2AD5BEBA0020D5CD /* Build configuration list for PBXNativeTarget "Movies" */;
			buildPhases = (
				052AC8172AD5BEB90020D5CD /* Sources */,
				052AC8182AD5BEB90020D5CD /* Frameworks */,
				052AC8192AD5BEB90020D5CD /* Resources */,
			);
			buildRules = (
			);
			dependencies = (
			);
			name = Movies;
			packageProductDependencies = (
				052AC8502AD5C30C0020D5CD /* Alamofire */,
			);
			productName = Movies;
			productReference = 052AC81B2AD5BEB90020D5CD /* Movies.app */;
			productType = "com.apple.product-type.application";
		};
		052AC82A2AD5BEBA0020D5CD /* MoviesTests */ = {
			isa = PBXNativeTarget;
			buildConfigurationList = 052AC8422AD5BEBA0020D5CD /* Build configuration list for PBXNativeTarget "MoviesTests" */;
			buildPhases = (
				052AC8272AD5BEBA0020D5CD /* Sources */,
				052AC8282AD5BEBA0020D5CD /* Frameworks */,
				052AC8292AD5BEBA0020D5CD /* Resources */,
			);
			buildRules = (
			);
			dependencies = (
				052AC82D2AD5BEBA0020D5CD /* PBXTargetDependency */,
			);
			name = MoviesTests;
			productName = MoviesTests;
			productReference = 052AC82B2AD5BEBA0020D5CD /* MoviesTests.xctest */;
			productType = "com.apple.product-type.bundle.unit-test";
		};
		052AC8342AD5BEBA0020D5CD /* MoviesUITests */ = {
			isa = PBXNativeTarget;
			buildConfigurationList = 052AC8452AD5BEBA0020D5CD /* Build configuration list for PBXNativeTarget "MoviesUITests" */;
			buildPhases = (
				052AC8312AD5BEBA0020D5CD /* Sources */,
				052AC8322AD5BEBA0020D5CD /* Frameworks */,
				052AC8332AD5BEBA0020D5CD /* Resources */,
			);
			buildRules = (
			);
			dependencies = (
				052AC8372AD5BEBA0020D5CD /* PBXTargetDependency */,
			);
			name = MoviesUITests;
			productName = MoviesUITests;
			productReference = 052AC8352AD5BEBA0020D5CD /* MoviesUITests.xctest */;
			productType = "com.apple.product-type.bundle.ui-testing";
		};
/* End PBXNativeTarget section */

/* Begin PBXProject section */
		052AC8132AD5BEB90020D5CD /* Project object */ = {
			isa = PBXProject;
			attributes = {
				BuildIndependentTargetsInParallel = 1;
				LastSwiftUpdateCheck = 1500;
				LastUpgradeCheck = 1500;
				TargetAttributes = {
					052AC81A2AD5BEB90020D5CD = {
						CreatedOnToolsVersion = 15.0;
					};
					052AC82A2AD5BEBA0020D5CD = {
						CreatedOnToolsVersion = 15.0;
						TestTargetID = 052AC81A2AD5BEB90020D5CD;
					};
					052AC8342AD5BEBA0020D5CD = {
						CreatedOnToolsVersion = 15.0;
						TestTargetID = 052AC81A2AD5BEB90020D5CD;
					};
				};
			};
			buildConfigurationList = 052AC8162AD5BEB90020D5CD /* Build configuration list for PBXProject "Movies" */;
			compatibilityVersion = "Xcode 14.0";
			developmentRegion = en;
			hasScannedForEncodings = 0;
			knownRegions = (
				en,
				Base,
			);
			mainGroup = 052AC8122AD5BEB90020D5CD;
			packageReferences = (
				052AC84F2AD5C30C0020D5CD /* XCRemoteSwiftPackageReference "Alamofire" */,
			);
			productRefGroup = 052AC81C2AD5BEB90020D5CD /* Products */;
			projectDirPath = "";
			projectRoot = "";
			targets = (
				052AC81A2AD5BEB90020D5CD /* Movies */,
				052AC82A2AD5BEBA0020D5CD /* MoviesTests */,
				052AC8342AD5BEBA0020D5CD /* MoviesUITests */,
			);
		};
/* End PBXProject section */

/* Begin PBXResourcesBuildPhase section */
		052AC8192AD5BEB90020D5CD /* Resources */ = {
			isa = PBXResourcesBuildPhase;
			buildActionMask = 2147483647;
			files = (
				052AC8262AD5BEBA0020D5CD /* Preview Assets.xcassets in Resources */,
				052AC8232AD5BEBA0020D5CD /* Assets.xcassets in Resources */,
			);
			runOnlyForDeploymentPostprocessing = 0;
		};
		052AC8292AD5BEBA0020D5CD /* Resources */ = {
			isa = PBXResourcesBuildPhase;
			buildActionMask = 2147483647;
			files = (
			);
			runOnlyForDeploymentPostprocessing = 0;
		};
		052AC8332AD5BEBA0020D5CD /* Resources */ = {
			isa = PBXResourcesBuildPhase;
			buildActionMask = 2147483647;
			files = (
			);
			runOnlyForDeploymentPostprocessing = 0;
		};
/* End PBXResourcesBuildPhase section */

/* Begin PBXSourcesBuildPhase section */
		052AC8172AD5BEB90020D5CD /* Sources */ = {
			isa = PBXSourcesBuildPhase;
			buildActionMask = 2147483647;
			files = (
				052AC84E2AD5C2CC0020D5CD /* MoviesAPINetwork.swift in Sources */,
				052AC84B2AD5BF2D0020D5CD /* Models.swift in Sources */,
				052AC8212AD5BEB90020D5CD /* ContentView.swift in Sources */,
				052AC85A2AD5C5EF0020D5CD /* ContentViewModel.swift in Sources */,
				052AC8532AD5C3720020D5CD /* MoviesRepository.swift in Sources */,
				052AC81F2AD5BEB90020D5CD /* MoviesApp.swift in Sources */,
				052AC8562AD5C4FA0020D5CD /* FetchAllMoviesUseCase.swift in Sources */,
			);
			runOnlyForDeploymentPostprocessing = 0;
		};
		052AC8272AD5BEBA0020D5CD /* Sources */ = {
			isa = PBXSourcesBuildPhase;
			buildActionMask = 2147483647;
			files = (
				052AC8302AD5BEBA0020D5CD /* MoviesTests.swift in Sources */,
			);
			runOnlyForDeploymentPostprocessing = 0;
		};
		052AC8312AD5BEBA0020D5CD /* Sources */ = {
			isa = PBXSourcesBuildPhase;
			buildActionMask = 2147483647;
			files = (
				052AC83A2AD5BEBA0020D5CD /* MoviesUITests.swift in Sources */,
				052AC83C2AD5BEBA0020D5CD /* MoviesUITestsLaunchTests.swift in Sources */,
			);
			runOnlyForDeploymentPostprocessing = 0;
		};
/* End PBXSourcesBuildPhase section */

/* Begin PBXTargetDependency section */
		052AC82D2AD5BEBA0020D5CD /* PBXTargetDependency */ = {
			isa = PBXTargetDependency;
			target = 052AC81A2AD5BEB90020D5CD /* Movies */;
			targetProxy = 052AC82C2AD5BEBA0020D5CD /* PBXContainerItemProxy */;
		};
		052AC8372AD5BEBA0020D5CD /* PBXTargetDependency */ = {
			isa = PBXTargetDependency;
			target = 052AC81A2AD5BEB90020D5CD /* Movies */;
			targetProxy = 052AC8362AD5BEBA0020D5CD /* PBXContainerItemProxy */;
		};
/* End PBXTargetDependency section */

/* Begin XCBuildConfiguration section */
		052AC83D2AD5BEBA0020D5CD /* Debug */ = {
			isa = XCBuildConfiguration;
			buildSettings = {
				ALWAYS_SEARCH_USER_PATHS = NO;
				ASSETCATALOG_COMPILER_GENERATE_SWIFT_ASSET_SYMBOL_EXTENSIONS = YES;
				CLANG_ANALYZER_NONNULL = YES;
				CLANG_ANALYZER_NUMBER_OBJECT_CONVERSION = YES_AGGRESSIVE;
				CLANG_CXX_LANGUAGE_STANDARD = "gnu++20";
				CLANG_ENABLE_MODULES = YES;
				CLANG_ENABLE_OBJC_ARC = YES;
				CLANG_ENABLE_OBJC_WEAK = YES;
				CLANG_WARN_BLOCK_CAPTURE_AUTORELEASING = YES;
				CLANG_WARN_BOOL_CONVERSION = YES;
				CLANG_WARN_COMMA = YES;
				CLANG_WARN_CONSTANT_CONVERSION = YES;
				CLANG_WARN_DEPRECATED_OBJC_IMPLEMENTATIONS = YES;
				CLANG_WARN_DIRECT_OBJC_ISA_USAGE = YES_ERROR;
				CLANG_WARN_DOCUMENTATION_COMMENTS = YES;
				CLANG_WARN_EMPTY_BODY = YES;
				CLANG_WARN_ENUM_CONVERSION = YES;
				CLANG_WARN_INFINITE_RECURSION = YES;
				CLANG_WARN_INT_CONVERSION = YES;
				CLANG_WARN_NON_LITERAL_NULL_CONVERSION = YES;
				CLANG_WARN_OBJC_IMPLICIT_RETAIN_SELF = YES;
				CLANG_WARN_OBJC_LITERAL_CONVERSION = YES;
				CLANG_WARN_OBJC_ROOT_CLASS = YES_ERROR;
				CLANG_WARN_QUOTED_INCLUDE_IN_FRAMEWORK_HEADER = YES;
				CLANG_WARN_RANGE_LOOP_ANALYSIS = YES;
				CLANG_WARN_STRICT_PROTOTYPES = YES;
				CLANG_WARN_SUSPICIOUS_MOVE = YES;
				CLANG_WARN_UNGUARDED_AVAILABILITY = YES_AGGRESSIVE;
				CLANG_WARN_UNREACHABLE_CODE = YES;
				CLANG_WARN__DUPLICATE_METHOD_MATCH = YES;
				COPY_PHASE_STRIP = NO;
				DEBUG_INFORMATION_FORMAT = dwarf;
				ENABLE_STRICT_OBJC_MSGSEND = YES;
				ENABLE_TESTABILITY = YES;
				ENABLE_USER_SCRIPT_SANDBOXING = YES;
				GCC_C_LANGUAGE_STANDARD = gnu17;
				GCC_DYNAMIC_NO_PIC = NO;
				GCC_NO_COMMON_BLOCKS = YES;
				GCC_OPTIMIZATION_LEVEL = 0;
				GCC_PREPROCESSOR_DEFINITIONS = (
					"DEBUG=1",
					"$(inherited)",
				);
				GCC_WARN_64_TO_32_BIT_CONVERSION = YES;
				GCC_WARN_ABOUT_RETURN_TYPE = YES_ERROR;
				GCC_WARN_UNDECLARED_SELECTOR = YES;
				GCC_WARN_UNINITIALIZED_AUTOS = YES_AGGRESSIVE;
				GCC_WARN_UNUSED_FUNCTION = YES;
				GCC_WARN_UNUSED_VARIABLE = YES;
				IPHONEOS_DEPLOYMENT_TARGET = 17.0;
				LOCALIZATION_PREFERS_STRING_CATALOGS = YES;
				MTL_ENABLE_DEBUG_INFO = INCLUDE_SOURCE;
				MTL_FAST_MATH = YES;
				ONLY_ACTIVE_ARCH = YES;
				SDKROOT = iphoneos;
				SWIFT_ACTIVE_COMPILATION_CONDITIONS = "DEBUG $(inherited)";
				SWIFT_OPTIMIZATION_LEVEL = "-Onone";
			};
			name = Debug;
		};
		052AC83E2AD5BEBA0020D5CD /* Release */ = {
			isa = XCBuildConfiguration;
			buildSettings = {
				ALWAYS_SEARCH_USER_PATHS = NO;
				ASSETCATALOG_COMPILER_GENERATE_SWIFT_ASSET_SYMBOL_EXTENSIONS = YES;
				CLANG_ANALYZER_NONNULL = YES;
				CLANG_ANALYZER_NUMBER_OBJECT_CONVERSION = YES_AGGRESSIVE;
				CLANG_CXX_LANGUAGE_STANDARD = "gnu++20";
				CLANG_ENABLE_MODULES = YES;
				CLANG_ENABLE_OBJC_ARC = YES;
				CLANG_ENABLE_OBJC_WEAK = YES;
				CLANG_WARN_BLOCK_CAPTURE_AUTORELEASING = YES;
				CLANG_WARN_BOOL_CONVERSION = YES;
				CLANG_WARN_COMMA = YES;
				CLANG_WARN_CONSTANT_CONVERSION = YES;
				CLANG_WARN_DEPRECATED_OBJC_IMPLEMENTATIONS = YES;
				CLANG_WARN_DIRECT_OBJC_ISA_USAGE = YES_ERROR;
				CLANG_WARN_DOCUMENTATION_COMMENTS = YES;
				CLANG_WARN_EMPTY_BODY = YES;
				CLANG_WARN_ENUM_CONVERSION = YES;
				CLANG_WARN_INFINITE_RECURSION = YES;
				CLANG_WARN_INT_CONVERSION = YES;
				CLANG_WARN_NON_LITERAL_NULL_CONVERSION = YES;
				CLANG_WARN_OBJC_IMPLICIT_RETAIN_SELF = YES;
				CLANG_WARN_OBJC_LITERAL_CONVERSION = YES;
				CLANG_WARN_OBJC_ROOT_CLASS = YES_ERROR;
				CLANG_WARN_QUOTED_INCLUDE_IN_FRAMEWORK_HEADER = YES;
				CLANG_WARN_RANGE_LOOP_ANALYSIS = YES;
				CLANG_WARN_STRICT_PROTOTYPES = YES;
				CLANG_WARN_SUSPICIOUS_MOVE = YES;
				CLANG_WARN_UNGUARDED_AVAILABILITY = YES_AGGRESSIVE;
				CLANG_WARN_UNREACHABLE_CODE = YES;
				CLANG_WARN__DUPLICATE_METHOD_MATCH = YES;
				COPY_PHASE_STRIP = NO;
				DEBUG_INFORMATION_FORMAT = "dwarf-with-dsym";
				ENABLE_NS_ASSERTIONS = NO;
				ENABLE_STRICT_OBJC_MSGSEND = YES;
				ENABLE_USER_SCRIPT_SANDBOXING = YES;
				GCC_C_LANGUAGE_STANDARD = gnu17;
				GCC_NO_COMMON_BLOCKS = YES;
				GCC_WARN_64_TO_32_BIT_CONVERSION = YES;
				GCC_WARN_ABOUT_RETURN_TYPE = YES_ERROR;
				GCC_WARN_UNDECLARED_SELECTOR = YES;
				GCC_WARN_UNINITIALIZED_AUTOS = YES_AGGRESSIVE;
				GCC_WARN_UNUSED_FUNCTION = YES;
				GCC_WARN_UNUSED_VARIABLE = YES;
				IPHONEOS_DEPLOYMENT_TARGET = 17.0;
				LOCALIZATION_PREFERS_STRING_CATALOGS = YES;
				MTL_ENABLE_DEBUG_INFO = NO;
				MTL_FAST_MATH = YES;
				SDKROOT = iphoneos;
				SWIFT_COMPILATION_MODE = wholemodule;
				VALIDATE_PRODUCT = YES;
			};
			name = Release;
		};
		052AC8402AD5BEBA0020D5CD /* Debug */ = {
			isa = XCBuildConfiguration;
			buildSettings = {
				ASSETCATALOG_COMPILER_APPICON_NAME = AppIcon;
				ASSETCATALOG_COMPILER_GLOBAL_ACCENT_COLOR_NAME = AccentColor;
				CODE_SIGN_STYLE = Automatic;
				CURRENT_PROJECT_VERSION = 1;
				DEVELOPMENT_ASSET_PATHS = "\"Movies/Preview Content\"";
				ENABLE_PREVIEWS = YES;
				GENERATE_INFOPLIST_FILE = YES;
				INFOPLIST_KEY_UIApplicationSceneManifest_Generation = YES;
				INFOPLIST_KEY_UIApplicationSupportsIndirectInputEvents = YES;
				INFOPLIST_KEY_UILaunchScreen_Generation = YES;
				INFOPLIST_KEY_UISupportedInterfaceOrientations_iPad = "UIInterfaceOrientationPortrait UIInterfaceOrientationPortraitUpsideDown UIInterfaceOrientationLandscapeLeft UIInterfaceOrientationLandscapeRight";
				INFOPLIST_KEY_UISupportedInterfaceOrientations_iPhone = "UIInterfaceOrientationPortrait UIInterfaceOrientationLandscapeLeft UIInterfaceOrientationLandscapeRight";
				LD_RUNPATH_SEARCH_PATHS = (
					"$(inherited)",
					"@executable_path/Frameworks",
				);
				MARKETING_VERSION = 1.0;
				PRODUCT_BUNDLE_IDENTIFIER = com.example.Movies;
				PRODUCT_NAME = "$(TARGET_NAME)";
				SWIFT_EMIT_LOC_STRINGS = YES;
				SWIFT_VERSION = 5.0;
				TARGETED_DEVICE_FAMILY = "1,2";
			};
			name = Debug;
		};
		052AC8412AD5BEBA0020D5CD /* Release */ = {
			isa = XCBuildConfiguration;
			buildSettings = {
				ASSETCATALOG_COMPILER_APPICON_NAME = AppIcon;
				ASSETCATALOG_COMPILER_GLOBAL_ACCENT_COLOR_NAME = AccentColor;
				CODE_SIGN_STYLE = Automatic;
				CURRENT_PROJECT_VERSION = 1;
				DEVELOPMENT_ASSET_PATHS = "\"Movies/Preview Content\"";
				ENABLE_PREVIEWS = YES;
				GENERATE_INFOPLIST_FILE = YES;
				INFOPLIST_KEY_UIApplicationSceneManifest_Generation = YES;
				INFOPLIST_KEY_UIApplicationSupportsIndirectInputEvents = YES;
				INFOPLIST_KEY_UILaunchScreen_Generation = YES;
				INFOPLIST_KEY_UISupportedInterfaceOrientations_iPad = "UIInterfaceOrientationPortrait UIInterfaceOrientationPortraitUpsideDown UIInterfaceOrientationLandscapeLeft UIInterfaceOrientationLandscapeRight";
				INFOPLIST_KEY_UISupportedInterfaceOrientations_iPhone = "UIInterfaceOrientationPortrait UIInterfaceOrientationLandscapeLeft UIInterfaceOrientationLandscapeRight";
				LD_RUNPATH_SEARCH_PATHS = (
					"$(inherited)",
					"@executable_path/Frameworks",
				);
				MARKETING_VERSION = 1.0;
				PRODUCT_BUNDLE_IDENTIFIER = com.example.Movies;
				PRODUCT_NAME = "$(TARGET_NAME)";
				SWIFT_EMIT_LOC_STRINGS = YES;
				SWIFT_VERSION = 5.0;
				TARGETED_DEVICE_FAMILY = "1,2";
			};
			name = Release;
		};
		052AC8432AD5BEBA0020D5CD /* Debug */ = {
			isa = XCBuildConfiguration;
			buildSettings = {
				ALWAYS_EMBED_SWIFT_STANDARD_LIBRARIES = YES;
				BUNDLE_LOADER = "$(TEST_HOST)";
				CODE_SIGN_STYLE = Automatic;
				CURRENT_PROJECT_VERSION = 1;
				GENERATE_INFOPLIST_FILE = YES;
				IPHONEOS_DEPLOYMENT_TARGET = 17.0;
				MARKETING_VERSION = 1.0;
				PRODUCT_BUNDLE_IDENTIFIER = com.example.MoviesTests;
				PRODUCT_NAME = "$(TARGET_NAME)";
				SWIFT_EMIT_LOC_STRINGS = NO;
				SWIFT_VERSION = 5.0;
				TARGETED_DEVICE_FAMILY = "1,2";
				TEST_HOST = "$(BUILT_PRODUCTS_DIR)/Movies.app/$(BUNDLE_EXECUTABLE_FOLDER_PATH)/Movies";
			};
			name = Debug;
		};
		052AC8442AD5BEBA0020D5CD /* Release */ = {
			isa = XCBuildConfiguration;
			buildSettings = {
				ALWAYS_EMBED_SWIFT_STANDARD_LIBRARIES = YES;
				BUNDLE_LOADER = "$(TEST_HOST)";
				CODE_SIGN_STYLE = Automatic;
				CURRENT_PROJECT_VERSION = 1;
				GENERATE_INFOPLIST_FILE = YES;
				IPHONEOS_DEPLOYMENT_TARGET = 17.0;
				MARKETING_VERSION = 1.0;
				PRODUCT_BUNDLE_IDENTIFIER = com.example.MoviesTests;
				PRODUCT_NAME = "$(TARGET_NAME)";
				SWIFT_EMIT_LOC_STRINGS = NO;
				SWIFT_VERSION = 5.0;
				TARGETED_DEVICE_FAMILY = "1,2";
				TEST_HOST = "$(BUILT_PRODUCTS_DIR)/Movies.app/$(BUNDLE_EXECUTABLE_FOLDER_PATH)/Movies";
			};
			name = Release;
		};
		052AC8462AD5BEBA0020D5CD /* Debug */ = {
			isa = XCBuildConfiguration;
			buildSettings = {
				ALWAYS_EMBED_SWIFT_STANDARD_LIBRARIES = YES;
				CODE_SIGN_STYLE = Automatic;
				CURRENT_PROJECT_VERSION = 1;
				GENERATE_INFOPLIST_FILE = YES;
				MARKETING_VERSION = 1.0;
				PRODUCT_BUNDLE_IDENTIFIER = com.example.MoviesUITests;
				PRODUCT_NAME = "$(TARGET_NAME)";
				SWIFT_EMIT_LOC_STRINGS = NO;
				SWIFT_VERSION = 5.0;
				TARGETED_DEVICE_FAMILY = "1,2";
				TEST_TARGET_NAME = Movies;
			};
			name = Debug;
		};
		052AC8472AD5BEBA0020D5CD /* Release */ = {
			isa = XCBuildConfiguration;
			buildSettings = {
				ALWAYS_EMBED_SWIFT_STANDARD_LIBRARIES = YES;
				CODE_SIGN_STYLE = Automatic;
				CURRENT_PROJECT_VERSION = 1;
				GENERATE_INFOPLIST_FILE = YES;
				MARKETING_VERSION = 1.0;
				PRODUCT_BUNDLE_IDENTIFIER = com.example.MoviesUITests;
				PRODUCT_NAME = "$(TARGET_NAME)";
				SWIFT_EMIT_LOC_STRINGS = NO;
				SWIFT_VERSION = 5.0;
				TARGETED_DEVICE_FAMILY = "1,2";
				TEST_TARGET_NAME = Movies;
			};
			name = Release;
		};
/* End XCBuildConfiguration section */

/* Begin XCConfigurationList section */
		052AC8162AD5BEB90020D5CD /* Build configuration list for PBXProject "Movies" */ = {
			isa = XCConfigurationList;
			buildConfigurations = (
				052AC83D2AD5BEBA0020D5CD /* Debug */,
				052AC83E2AD5BEBA0020D5CD /* Release */,
			);
			defaultConfigurationIsVisible = 0;
			defaultConfigurationName = Release;
		};
		052AC83F2AD5BEBA0020D5CD /* Build configuration list for PBXNativeTarget "Movies" */ = {
			isa = XCConfigurationList;
			buildConfigurations = (
				052AC8402AD5BEBA0020D5CD /* Debug */,
				052AC8412AD5BEBA0020D5CD /* Release */,
			);
			defaultConfigurationIsVisible = 0;
			defaultConfigurationName = Release;
		};
		052AC8422AD5BEBA0020D5CD /* Build configuration list for PBXNativeTarget "MoviesTests" */ = {
			isa = XCConfigurationList;
			buildConfigurations = (
				052AC8432AD5BEBA0020D5CD /* Debug */,
				052AC8442AD5BEBA0020D5CD /* Release */,
			);
			defaultConfigurationIsVisible = 0;
			defaultConfigurationName = Release;
		};
		052AC8452AD5BEBA0020D5CD /* Build configuration list for PBXNativeTarget "MoviesUITests" */ = {
			isa = XCConfigurationList;
			buildConfigurations = (
				052AC8462AD5BEBA0020D5CD /* Debug */,
				052AC8472AD5BEBA0020D5CD /* Release */,
			);
			defaultConfigurationIsVisible = 0;
			defaultConfigurationName = Release;
		};
/* End XCConfigurationList section */

/* Begin XCRemoteSwiftPackageReference section */
		052AC84F2AD5C30C0020D5CD /* XCRemoteSwiftPackageReference "Alamofire" */ = {
			isa = XCRemoteSwiftPackageReference;
			repositoryURL = "https://github.com/Alamofire/Alamofire.git";
			requirement = {
				kind = upToNextMajorVersion;
				minimumVersion = 5.8.0;
			};
		};
/* End XCRemoteSwiftPackageReference section */

/* Begin XCSwiftPackageProductDependency section */
		052AC8502AD5C30C0020D5CD /* Alamofire */ = {
			isa = XCSwiftPackageProductDependency;
			package = 052AC84F2AD5C30C0020D5CD /* XCRemoteSwiftPackageReference "Alamofire" */;
			productName = Alamofire;
		};
/* End XCSwiftPackageProductDependency section */
	};
	rootObject = 052AC8132AD5BEB90020D5CD /* Project object */;
}
